
Microsoft Visual Studio Solution File, Format Version 12.00
# Visual Studio Version 17
VisualStudioVersion = 17.5.002.0
MinimumVisualStudioVersion = 10.0.40219.1
Project("{9A19103F-16F7-4668-BE54-9A1E7A4F7556}") = "learnKA2", "learnKA2.csproj", "{D713B12D-70D2-4BEB-B8DC-57CA9EAF317D}"
EndProject
Global
	GlobalSection(SolutionConfigurationPlatforms) = preSolution
		Debug|Any CPU = Debug|Any CPU
		Release|Any CPU = Release|Any CPU
	EndGlobalSection
	GlobalSection(ProjectConfigurationPlatforms) = postSolution
		{D713B12D-70D2-4BEB-B8DC-57CA9EAF317D}.Debug|Any CPU.ActiveCfg = Debug|Any CPU
		{D713B12D-70D2-4BEB-B8DC-57CA9EAF317D}.Debug|Any CPU.Build.0 = Debug|Any CPU
		{D713B12D-70D2-4BEB-B8DC-57CA9EAF317D}.Release|Any CPU.ActiveCfg = Release|Any CPU
		{D713B12D-70D2-4BEB-B8DC-57CA9EAF317D}.Release|Any CPU.Build.0 = Release|Any CPU
	EndGlobalSection
	GlobalSection(SolutionProperties) = preSolution
		HideSolutionNode = FALSE
	EndGlobalSection
	GlobalSection(ExtensibilityGlobals) = postSolution
		SolutionGuid = {4E44C4BD-3577-48A3-858D-FB0F9D3A005A}
	EndGlobalSection
EndGlobal
